# @generated by Move, please check-in and do not edit manually.

[move]
version = 3
manifest_digest = "8CA76C4B72E711014A6DE43C0DAB3D11EA269DBCE51F37C66759878BB6657A0C"
deps_digest = "3C4103934B1E040BB6B23F1D610B4EF9F2F1166A50A104EADCF77467C004C600"
dependencies = [
  { id = "MoveStdlib", name = "MoveStdlib" },
  { id = "Sui", name = "Sui" },
]

[[move.package]]
id = "MoveStdlib"
source = { git = "https://github.com/MystenLabs/sui.git", rev = "sui_v1.53.0_1753118504_ci", subdir = "crates/sui-framework/packages/move-stdlib" }

[[move.package]]
id = "Sui"
source = { git = "https://github.com/MystenLabs/sui.git", rev = "sui_v1.53.0_1753118504_ci", subdir = "crates/sui-framework/packages/sui-framework" }

dependencies = [
  { id = "MoveStdlib", name = "MoveStdlib" },
]

[move.toolchain-version]
compiler-version = "1.53.0"
edition = "2024.beta"
flavor = "sui"

[env]

[env.testnet]
chain-id = "4c78adac"
original-published-id = "0xf84c4460c0082dda8a4f705cbaf613881016202755b6356cc2bf22a125a873dd"
latest-published-id = "0xf84c4460c0082dda8a4f705cbaf613881016202755b6356cc2bf22a125a873dd"
published-version = "1"
